
Microsoft Visual Studio Solution File, Format Version 12.00
# Visual Studio 15
VisualStudioVersion = 15.0.28307.1300
MinimumVisualStudioVersion = 10.0.40219.1
Project("{FAE04EC0-301F-11D3-BF4B-00C04F79EFBC}") = "Service", "Service\Service.csproj", "{737E91CB-5766-4CD1-8DEB-BFA1027C36DE}"
EndProject
Project("{FAE04EC0-301F-11D3-BF4B-00C04F79EFBC}") = "Client", "Client\Client.csproj", "{C63A2FCD-30A8-42C8-8ED9-1A72EABA5F7B}"
EndProject
Project("{FAE04EC0-301F-11D3-BF4B-00C04F79EFBC}") = "Contracts", "Contracts\Contracts.csproj", "{FC9E7E65-7812-45A3-997A-9467D34D855A}"
EndProject
Global
	GlobalSection(SolutionConfigurationPlatforms) = preSolution
		Debug|Any CPU = Debug|Any CPU
		Release|Any CPU = Release|Any CPU
	EndGlobalSection
	GlobalSection(ProjectConfigurationPlatforms) = postSolution
		{737E91CB-5766-4CD1-8DEB-BFA1027C36DE}.Debug|Any CPU.ActiveCfg = Debug|Any CPU
		{737E91CB-5766-4CD1-8DEB-BFA1027C36DE}.Debug|Any CPU.Build.0 = Debug|Any CPU
		{737E91CB-5766-4CD1-8DEB-BFA1027C36DE}.Release|Any CPU.ActiveCfg = Release|Any CPU
		{737E91CB-5766-4CD1-8DEB-BFA1027C36DE}.Release|Any CPU.Build.0 = Release|Any CPU
		{C63A2FCD-30A8-42C8-8ED9-1A72EABA5F7B}.Debug|Any CPU.ActiveCfg = Debug|Any CPU
		{C63A2FCD-30A8-42C8-8ED9-1A72EABA5F7B}.Debug|Any CPU.Build.0 = Debug|Any CPU
		{C63A2FCD-30A8-42C8-8ED9-1A72EABA5F7B}.Release|Any CPU.ActiveCfg = Release|Any CPU
		{C63A2FCD-30A8-42C8-8ED9-1A72EABA5F7B}.Release|Any CPU.Build.0 = Release|Any CPU
		{FC9E7E65-7812-45A3-997A-9467D34D855A}.Debug|Any CPU.ActiveCfg = Debug|Any CPU
		{FC9E7E65-7812-45A3-997A-9467D34D855A}.Debug|Any CPU.Build.0 = Debug|Any CPU
		{FC9E7E65-7812-45A3-997A-9467D34D855A}.Release|Any CPU.ActiveCfg = Release|Any CPU
		{FC9E7E65-7812-45A3-997A-9467D34D855A}.Release|Any CPU.Build.0 = Release|Any CPU
	EndGlobalSection
	GlobalSection(SolutionProperties) = preSolution
		HideSolutionNode = FALSE
	EndGlobalSection
	GlobalSection(ExtensibilityGlobals) = postSolution
		SolutionGuid = {40507054-9865-4E4B-B911-C7EA06895ADC}
	EndGlobalSection
EndGlobal
